
Microsoft Visual Studio Solution File, Format Version 12.00
# Visual Studio Version 17
VisualStudioVersion = 17.8.34302.71
MinimumVisualStudioVersion = 10.0.40219.1
Project("{FAE04EC0-301F-11D3-BF4B-00C04F79EFBC}") = "IpReplacement", "IpReplacement\IpReplacement.csproj", "{8409FCE0-C075-412B-A8E3-2A03D382694E}"
EndProject
Global
	GlobalSection(SolutionConfigurationPlatforms) = preSolution
		Debug|Any CPU = Debug|Any CPU
		Release|Any CPU = Release|Any CPU
	EndGlobalSection
	GlobalSection(ProjectConfigurationPlatforms) = postSolution
		{8409FCE0-C075-412B-A8E3-2A03D382694E}.Debug|Any CPU.ActiveCfg = Release|Any CPU
		{8409FCE0-C075-412B-A8E3-2A03D382694E}.Debug|Any CPU.Build.0 = Release|Any CPU
		{8409FCE0-C075-412B-A8E3-2A03D382694E}.Release|Any CPU.ActiveCfg = Release|Any CPU
		{8409FCE0-C075-412B-A8E3-2A03D382694E}.Release|Any CPU.Build.0 = Release|Any CPU
	EndGlobalSection
	GlobalSection(SolutionProperties) = preSolution
		HideSolutionNode = FALSE
	EndGlobalSection
	GlobalSection(ExtensibilityGlobals) = postSolution
		SolutionGuid = {03523C97-4608-49B9-9D87-C934E4B86172}
	EndGlobalSection
EndGlobal
